
Microsoft Visual Studio Solution File, Format Version 12.00
# Visual Studio Version 17
VisualStudioVersion = 17.4.33213.308
MinimumVisualStudioVersion = 10.0.40219.1
Project("{FAE04EC0-301F-11D3-BF4B-00C04F79EFBC}") = "FamilyTree", "FamilyTree\FamilyTree.csproj", "{7AD88581-2F9C-48F6-95A5-04EC2AFE7DD2}"
EndProject
Global
	GlobalSection(SolutionConfigurationPlatforms) = preSolution
		Debug|Any CPU = Debug|Any CPU
		Release|Any CPU = Release|Any CPU
	EndGlobalSection
	GlobalSection(ProjectConfigurationPlatforms) = postSolution
		{7AD88581-2F9C-48F6-95A5-04EC2AFE7DD2}.Debug|Any CPU.ActiveCfg = Debug|Any CPU
		{7AD88581-2F9C-48F6-95A5-04EC2AFE7DD2}.Debug|Any CPU.Build.0 = Debug|Any CPU
		{7AD88581-2F9C-48F6-95A5-04EC2AFE7DD2}.Release|Any CPU.ActiveCfg = Release|Any CPU
		{7AD88581-2F9C-48F6-95A5-04EC2AFE7DD2}.Release|Any CPU.Build.0 = Release|Any CPU
	EndGlobalSection
	GlobalSection(SolutionProperties) = preSolution
		HideSolutionNode = FALSE
	EndGlobalSection
	GlobalSection(ExtensibilityGlobals) = postSolution
		SolutionGuid = {588F24A4-A9EA-4BE3-9CFF-CCA0B96D0350}
	EndGlobalSection
EndGlobal
